
Microsoft Visual Studio Solution File, Format Version 12.00
# Visual Studio 14
VisualStudioVersion = 14.0.25420.1
MinimumVisualStudioVersion = 10.0.40219.1
Project("{FAE04EC0-301F-11D3-BF4B-00C04F79EFBC}") = "YoutubeApp", "YoutubeApp\YoutubeApp\YoutubeApp.csproj", "{AF5E656C-123F-42E5-AB4F-8D54B5C93E59}"
EndProject
Project("{FAE04EC0-301F-11D3-BF4B-00C04F79EFBC}") = "YoutubeApp.Droid", "YoutubeApp\YoutubeApp.Droid\YoutubeApp.Droid.csproj", "{E3559F53-F929-4F1E-B2AD-7B17386EF4F6}"
EndProject
Project("{FAE04EC0-301F-11D3-BF4B-00C04F79EFBC}") = "YoutubeApp.iOS", "YoutubeApp\YoutubeApp.iOS\YoutubeApp.iOS.csproj", "{9D7B47C1-0B1C-41E7-B702-8A10D82C82D0}"
EndProject
Project("{FAE04EC0-301F-11D3-BF4B-00C04F79EFBC}") = "YoutubeApp.WinPhone", "YoutubeApp\YoutubeApp.WinPhone\YoutubeApp.WinPhone.csproj", "{F5C32067-15A8-493E-B7A4-751AC2FC3ABA}"
EndProject
Project("{FAE04EC0-301F-11D3-BF4B-00C04F79EFBC}") = "YoutubeApp.UWP", "YoutubeApp\YoutubeApp.UWP\YoutubeApp.UWP.csproj", "{5A4ED4E7-1D31-4B66-834E-9C37D51189C0}"
EndProject
Project("{FAE04EC0-301F-11D3-BF4B-00C04F79EFBC}") = "YoutubeApp.Windows", "YoutubeApp\YoutubeApp.Windows\YoutubeApp.Windows.csproj", "{C436DEE3-F179-4DA0-A39A-85B86D4D44C3}"
EndProject
Global
	GlobalSection(SolutionConfigurationPlatforms) = preSolution
		Ad-Hoc|Any CPU = Ad-Hoc|Any CPU
		Ad-Hoc|ARM = Ad-Hoc|ARM
		Ad-Hoc|iPhone = Ad-Hoc|iPhone
		Ad-Hoc|iPhoneSimulator = Ad-Hoc|iPhoneSimulator
		Ad-Hoc|x64 = Ad-Hoc|x64
		Ad-Hoc|x86 = Ad-Hoc|x86
		AppStore|Any CPU = AppStore|Any CPU
		AppStore|ARM = AppStore|ARM
		AppStore|iPhone = AppStore|iPhone
		AppStore|iPhoneSimulator = AppStore|iPhoneSimulator
		AppStore|x64 = AppStore|x64
		AppStore|x86 = AppStore|x86
		Debug|Any CPU = Debug|Any CPU
		Debug|ARM = Debug|ARM
		Debug|iPhone = Debug|iPhone
		Debug|iPhoneSimulator = Debug|iPhoneSimulator
		Debug|x64 = Debug|x64
		Debug|x86 = Debug|x86
		Release|Any CPU = Release|Any CPU
		Release|ARM = Release|ARM
		Release|iPhone = Release|iPhone
		Release|iPhoneSimulator = Release|iPhoneSimulator
		Release|x64 = Release|x64
		Release|x86 = Release|x86
	EndGlobalSection
	GlobalSection(ProjectConfigurationPlatforms) = postSolution
		{AF5E656C-123F-42E5-AB4F-8D54B5C93E59}.Ad-Hoc|Any CPU.ActiveCfg = Release|Any CPU
		{AF5E656C-123F-42E5-AB4F-8D54B5C93E59}.Ad-Hoc|Any CPU.Build.0 = Release|Any CPU
		{AF5E656C-123F-42E5-AB4F-8D54B5C93E59}.Ad-Hoc|ARM.ActiveCfg = Release|Any CPU
		{AF5E656C-123F-42E5-AB4F-8D54B5C93E59}.Ad-Hoc|ARM.Build.0 = Release|Any CPU
		{AF5E656C-123F-42E5-AB4F-8D54B5C93E59}.Ad-Hoc|iPhone.ActiveCfg = Release|Any CPU
		{AF5E656C-123F-42E5-AB4F-8D54B5C93E59}.Ad-Hoc|iPhone.Build.0 = Release|Any CPU
		{AF5E656C-123F-42E5-AB4F-8D54B5C93E59}.Ad-Hoc|iPhoneSimulator.ActiveCfg = Release|Any CPU
		{AF5E656C-123F-42E5-AB4F-8D54B5C93E59}.Ad-Hoc|iPhoneSimulator.Build.0 = Release|Any CPU
		{AF5E656C-123F-42E5-AB4F-8D54B5C93E59}.Ad-Hoc|x64.ActiveCfg = Release|Any CPU
		{AF5E656C-123F-42E5-AB4F-8D54B5C93E59}.Ad-Hoc|x64.Build.0 = Release|Any CPU
		{AF5E656C-123F-42E5-AB4F-8D54B5C93E59}.Ad-Hoc|x86.ActiveCfg = Release|Any CPU
		{AF5E656C-123F-42E5-AB4F-8D54B5C93E59}.Ad-Hoc|x86.Build.0 = Release|Any CPU
		{AF5E656C-123F-42E5-AB4F-8D54B5C93E59}.AppStore|Any CPU.ActiveCfg = Release|Any CPU
		{AF5E656C-123F-42E5-AB4F-8D54B5C93E59}.AppStore|Any CPU.Build.0 = Release|Any CPU
		{AF5E656C-123F-42E5-AB4F-8D54B5C93E59}.AppStore|ARM.ActiveCfg = Release|Any CPU
		{AF5E656C-123F-42E5-AB4F-8D54B5C93E59}.AppStore|ARM.Build.0 = Release|Any CPU
		{AF5E656C-123F-42E5-AB4F-8D54B5C93E59}.AppStore|iPhone.ActiveCfg = Release|Any CPU
		{AF5E656C-123F-42E5-AB4F-8D54B5C93E59}.AppStore|iPhone.Build.0 = Release|Any CPU
		{AF5E656C-123F-42E5-AB4F-8D54B5C93E59}.AppStore|iPhoneSimulator.ActiveCfg = Release|Any CPU
		{AF5E656C-123F-42E5-AB4F-8D54B5C93E59}.AppStore|iPhoneSimulator.Build.0 = Release|Any CPU
		{AF5E656C-123F-42E5-AB4F-8D54B5C93E59}.AppStore|x64.ActiveCfg = Release|Any CPU
		{AF5E656C-123F-42E5-AB4F-8D54B5C93E59}.AppStore|x64.Build.0 = Release|Any CPU
		{AF5E656C-123F-42E5-AB4F-8D54B5C93E59}.AppStore|x86.ActiveCfg = Release|Any CPU
		{AF5E656C-123F-42E5-AB4F-8D54B5C93E59}.AppStore|x86.Build.0 = Release|Any CPU
		{AF5E656C-123F-42E5-AB4F-8D54B5C93E59}.Debug|Any CPU.ActiveCfg = Debug|Any CPU
		{AF5E656C-123F-42E5-AB4F-8D54B5C93E59}.Debug|Any CPU.Build.0 = Debug|Any CPU
		{AF5E656C-123F-42E5-AB4F-8D54B5C93E59}.Debug|ARM.ActiveCfg = Debug|Any CPU
		{AF5E656C-123F-42E5-AB4F-8D54B5C93E59}.Debug|ARM.Build.0 = Debug|Any CPU
		{AF5E656C-123F-42E5-AB4F-8D54B5C93E59}.Debug|iPhone.ActiveCfg = Debug|Any CPU
		{AF5E656C-123F-42E5-AB4F-8D54B5C93E59}.Debug|iPhone.Build.0 = Debug|Any CPU
		{AF5E656C-123F-42E5-AB4F-8D54B5C93E59}.Debug|iPhoneSimulator.ActiveCfg = Debug|Any CPU
		{AF5E656C-123F-42E5-AB4F-8D54B5C93E59}.Debug|iPhoneSimulator.Build.0 = Debug|Any CPU
		{AF5E656C-123F-42E5-AB4F-8D54B5C93E59}.Debug|x64.ActiveCfg = Debug|Any CPU
		{AF5E656C-123F-42E5-AB4F-8D54B5C93E59}.Debug|x64.Build.0 = Debug|Any CPU
		{AF5E656C-123F-42E5-AB4F-8D54B5C93E59}.Debug|x86.ActiveCfg = Debug|Any CPU
		{AF5E656C-123F-42E5-AB4F-8D54B5C93E59}.Debug|x86.Build.0 = Debug|Any CPU
		{AF5E656C-123F-42E5-AB4F-8D54B5C93E59}.Release|Any CPU.ActiveCfg = Release|Any CPU
		{AF5E656C-123F-42E5-AB4F-8D54B5C93E59}.Release|Any CPU.Build.0 = Release|Any CPU
		{AF5E656C-123F-42E5-AB4F-8D54B5C93E59}.Release|ARM.ActiveCfg = Release|Any CPU
		{AF5E656C-123F-42E5-AB4F-8D54B5C93E59}.Release|ARM.Build.0 = Release|Any CPU
		{AF5E656C-123F-42E5-AB4F-8D54B5C93E59}.Release|iPhone.ActiveCfg = Release|Any CPU
		{AF5E656C-123F-42E5-AB4F-8D54B5C93E59}.Release|iPhone.Build.0 = Release|Any CPU
		{AF5E656C-123F-42E5-AB4F-8D54B5C93E59}.Release|iPhoneSimulator.ActiveCfg = Release|Any CPU
		{AF5E656C-123F-42E5-AB4F-8D54B5C93E59}.Release|iPhoneSimulator.Build.0 = Release|Any CPU
		{AF5E656C-123F-42E5-AB4F-8D54B5C93E59}.Release|x64.ActiveCfg = Release|Any CPU
		{AF5E656C-123F-42E5-AB4F-8D54B5C93E59}.Release|x64.Build.0 = Release|Any CPU
		{AF5E656C-123F-42E5-AB4F-8D54B5C93E59}.Release|x86.ActiveCfg = Release|Any CPU
		{AF5E656C-123F-42E5-AB4F-8D54B5C93E59}.Release|x86.Build.0 = Release|Any CPU
		{E3559F53-F929-4F1E-B2AD-7B17386EF4F6}.Ad-Hoc|Any CPU.ActiveCfg = Release|Any CPU
		{E3559F53-F929-4F1E-B2AD-7B17386EF4F6}.Ad-Hoc|Any CPU.Build.0 = Release|Any CPU
		{E3559F53-F929-4F1E-B2AD-7B17386EF4F6}.Ad-Hoc|Any CPU.Deploy.0 = Release|Any CPU
		{E3559F53-F929-4F1E-B2AD-7B17386EF4F6}.Ad-Hoc|ARM.ActiveCfg = Release|Any CPU
		{E3559F53-F929-4F1E-B2AD-7B17386EF4F6}.Ad-Hoc|ARM.Build.0 = Release|Any CPU
		{E3559F53-F929-4F1E-B2AD-7B17386EF4F6}.Ad-Hoc|ARM.Deploy.0 = Release|Any CPU
		{E3559F53-F929-4F1E-B2AD-7B17386EF4F6}.Ad-Hoc|iPhone.ActiveCfg = Release|Any CPU
		{E3559F53-F929-4F1E-B2AD-7B17386EF4F6}.Ad-Hoc|iPhone.Build.0 = Release|Any CPU
		{E3559F53-F929-4F1E-B2AD-7B17386EF4F6}.Ad-Hoc|iPhone.Deploy.0 = Release|Any CPU
		{E3559F53-F929-4F1E-B2AD-7B17386EF4F6}.Ad-Hoc|iPhoneSimulator.ActiveCfg = Release|Any CPU
		{E3559F53-F929-4F1E-B2AD-7B17386EF4F6}.Ad-Hoc|iPhoneSimulator.Build.0 = Release|Any CPU
		{E3559F53-F929-4F1E-B2AD-7B17386EF4F6}.Ad-Hoc|iPhoneSimulator.Deploy.0 = Release|Any CPU
		{E3559F53-F929-4F1E-B2AD-7B17386EF4F6}.Ad-Hoc|x64.ActiveCfg = Release|Any CPU
		{E3559F53-F929-4F1E-B2AD-7B17386EF4F6}.Ad-Hoc|x64.Build.0 = Release|Any CPU
		{E3559F53-F929-4F1E-B2AD-7B17386EF4F6}.Ad-Hoc|x64.Deploy.0 = Release|Any CPU
		{E3559F53-F929-4F1E-B2AD-7B17386EF4F6}.Ad-Hoc|x86.ActiveCfg = Release|Any CPU
		{E3559F53-F929-4F1E-B2AD-7B17386EF4F6}.Ad-Hoc|x86.Build.0 = Release|Any CPU
		{E3559F53-F929-4F1E-B2AD-7B17386EF4F6}.Ad-Hoc|x86.Deploy.0 = Release|Any CPU
		{E3559F53-F929-4F1E-B2AD-7B17386EF4F6}.AppStore|Any CPU.ActiveCfg = Release|Any CPU
		{E3559F53-F929-4F1E-B2AD-7B17386EF4F6}.AppStore|Any CPU.Build.0 = Release|Any CPU
		{E3559F53-F929-4F1E-B2AD-7B17386EF4F6}.AppStore|Any CPU.Deploy.0 = Release|Any CPU
		{E3559F53-F929-4F1E-B2AD-7B17386EF4F6}.AppStore|ARM.ActiveCfg = Release|Any CPU
		{E3559F53-F929-4F1E-B2AD-7B17386EF4F6}.AppStore|ARM.Build.0 = Release|Any CPU
		{E3559F53-F929-4F1E-B2AD-7B17386EF4F6}.AppStore|ARM.Deploy.0 = Release|Any CPU
		{E3559F53-F929-4F1E-B2AD-7B17386EF4F6}.AppStore|iPhone.ActiveCfg = Release|Any CPU
		{E3559F53-F929-4F1E-B2AD-7B17386EF4F6}.AppStore|iPhone.Build.0 = Release|Any CPU
		{E3559F53-F929-4F1E-B2AD-7B17386EF4F6}.AppStore|iPhone.Deploy.0 = Release|Any CPU
		{E3559F53-F929-4F1E-B2AD-7B17386EF4F6}.AppStore|iPhoneSimulator.ActiveCfg = Release|Any CPU
		{E3559F53-F929-4F1E-B2AD-7B17386EF4F6}.AppStore|iPhoneSimulator.Build.0 = Release|Any CPU
		{E3559F53-F929-4F1E-B2AD-7B17386EF4F6}.AppStore|iPhoneSimulator.Deploy.0 = Release|Any CPU
		{E3559F53-F929-4F1E-B2AD-7B17386EF4F6}.AppStore|x64.ActiveCfg = Release|Any CPU
		{E3559F53-F929-4F1E-B2AD-7B17386EF4F6}.AppStore|x64.Build.0 = Release|Any CPU
		{E3559F53-F929-4F1E-B2AD-7B17386EF4F6}.AppStore|x64.Deploy.0 = Release|Any CPU
		{E3559F53-F929-4F1E-B2AD-7B17386EF4F6}.AppStore|x86.ActiveCfg = Release|Any CPU
		{E3559F53-F929-4F1E-B2AD-7B17386EF4F6}.AppStore|x86.Build.0 = Release|Any CPU
		{E3559F53-F929-4F1E-B2AD-7B17386EF4F6}.AppStore|x86.Deploy.0 = Release|Any CPU
		{E3559F53-F929-4F1E-B2AD-7B17386EF4F6}.Debug|Any CPU.ActiveCfg = Debug|Any CPU
		{E3559F53-F929-4F1E-B2AD-7B17386EF4F6}.Debug|Any CPU.Build.0 = Debug|Any CPU
		{E3559F53-F929-4F1E-B2AD-7B17386EF4F6}.Debug|Any CPU.Deploy.0 = Debug|Any CPU
		{E3559F53-F929-4F1E-B2AD-7B17386EF4F6}.Debug|ARM.ActiveCfg = Debug|Any CPU
		{E3559F53-F929-4F1E-B2AD-7B17386EF4F6}.Debug|ARM.Build.0 = Debug|Any CPU
		{E3559F53-F929-4F1E-B2AD-7B17386EF4F6}.Debug|ARM.Deploy.0 = Debug|Any CPU
		{E3559F53-F929-4F1E-B2AD-7B17386EF4F6}.Debug|iPhone.ActiveCfg = Debug|Any CPU
		{E3559F53-F929-4F1E-B2AD-7B17386EF4F6}.Debug|iPhone.Build.0 = Debug|Any CPU
		{E3559F53-F929-4F1E-B2AD-7B17386EF4F6}.Debug|iPhone.Deploy.0 = Debug|Any CPU
		{E3559F53-F929-4F1E-B2AD-7B17386EF4F6}.Debug|iPhoneSimulator.ActiveCfg = Debug|Any CPU
		{E3559F53-F929-4F1E-B2AD-7B17386EF4F6}.Debug|iPhoneSimulator.Build.0 = Debug|Any CPU
		{E3559F53-F929-4F1E-B2AD-7B17386EF4F6}.Debug|iPhoneSimulator.Deploy.0 = Debug|Any CPU
		{E3559F53-F929-4F1E-B2AD-7B17386EF4F6}.Debug|x64.ActiveCfg = Debug|Any CPU
		{E3559F53-F929-4F1E-B2AD-7B17386EF4F6}.Debug|x64.Build.0 = Debug|Any CPU
		{E3559F53-F929-4F1E-B2AD-7B17386EF4F6}.Debug|x64.Deploy.0 = Debug|Any CPU
		{E3559F53-F929-4F1E-B2AD-7B17386EF4F6}.Debug|x86.ActiveCfg = Debug|Any CPU
		{E3559F53-F929-4F1E-B2AD-7B17386EF4F6}.Debug|x86.Build.0 = Debug|Any CPU
		{E3559F53-F929-4F1E-B2AD-7B17386EF4F6}.Debug|x86.Deploy.0 = Debug|Any CPU
		{E3559F53-F929-4F1E-B2AD-7B17386EF4F6}.Release|Any CPU.ActiveCfg = Release|Any CPU
		{E3559F53-F929-4F1E-B2AD-7B17386EF4F6}.Release|Any CPU.Build.0 = Release|Any CPU
		{E3559F53-F929-4F1E-B2AD-7B17386EF4F6}.Release|Any CPU.Deploy.0 = Release|Any CPU
		{E3559F53-F929-4F1E-B2AD-7B17386EF4F6}.Release|ARM.ActiveCfg = Release|Any CPU
		{E3559F53-F929-4F1E-B2AD-7B17386EF4F6}.Release|ARM.Build.0 = Release|Any CPU
		{E3559F53-F929-4F1E-B2AD-7B17386EF4F6}.Release|ARM.Deploy.0 = Release|Any CPU
		{E3559F53-F929-4F1E-B2AD-7B17386EF4F6}.Release|iPhone.ActiveCfg = Release|Any CPU
		{E3559F53-F929-4F1E-B2AD-7B17386EF4F6}.Release|iPhone.Build.0 = Release|Any CPU
		{E3559F53-F929-4F1E-B2AD-7B17386EF4F6}.Release|iPhone.Deploy.0 = Release|Any CPU
		{E3559F53-F929-4F1E-B2AD-7B17386EF4F6}.Release|iPhoneSimulator.ActiveCfg = Release|Any CPU
		{E3559F53-F929-4F1E-B2AD-7B17386EF4F6}.Release|iPhoneSimulator.Build.0 = Release|Any CPU
		{E3559F53-F929-4F1E-B2AD-7B17386EF4F6}.Release|iPhoneSimulator.Deploy.0 = Release|Any CPU
		{E3559F53-F929-4F1E-B2AD-7B17386EF4F6}.Release|x64.ActiveCfg = Release|Any CPU
		{E3559F53-F929-4F1E-B2AD-7B17386EF4F6}.Release|x64.Build.0 = Release|Any CPU
		{E3559F53-F929-4F1E-B2AD-7B17386EF4F6}.Release|x64.Deploy.0 = Release|Any CPU
		{E3559F53-F929-4F1E-B2AD-7B17386EF4F6}.Release|x86.ActiveCfg = Release|Any CPU
		{E3559F53-F929-4F1E-B2AD-7B17386EF4F6}.Release|x86.Build.0 = Release|Any CPU
		{E3559F53-F929-4F1E-B2AD-7B17386EF4F6}.Release|x86.Deploy.0 = Release|Any CPU
		{9D7B47C1-0B1C-41E7-B702-8A10D82C82D0}.Ad-Hoc|Any CPU.ActiveCfg = Ad-Hoc|iPhone
		{9D7B47C1-0B1C-41E7-B702-8A10D82C82D0}.Ad-Hoc|ARM.ActiveCfg = Ad-Hoc|iPhone
		{9D7B47C1-0B1C-41E7-B702-8A10D82C82D0}.Ad-Hoc|iPhone.ActiveCfg = Ad-Hoc|iPhone
		{9D7B47C1-0B1C-41E7-B702-8A10D82C82D0}.Ad-Hoc|iPhone.Build.0 = Ad-Hoc|iPhone
		{9D7B47C1-0B1C-41E7-B702-8A10D82C82D0}.Ad-Hoc|iPhoneSimulator.ActiveCfg = Ad-Hoc|iPhoneSimulator
		{9D7B47C1-0B1C-41E7-B702-8A10D82C82D0}.Ad-Hoc|iPhoneSimulator.Build.0 = Ad-Hoc|iPhoneSimulator
		{9D7B47C1-0B1C-41E7-B702-8A10D82C82D0}.Ad-Hoc|x64.ActiveCfg = Ad-Hoc|iPhone
		{9D7B47C1-0B1C-41E7-B702-8A10D82C82D0}.Ad-Hoc|x86.ActiveCfg = Ad-Hoc|iPhone
		{9D7B47C1-0B1C-41E7-B702-8A10D82C82D0}.AppStore|Any CPU.ActiveCfg = AppStore|iPhone
		{9D7B47C1-0B1C-41E7-B702-8A10D82C82D0}.AppStore|ARM.ActiveCfg = AppStore|iPhone
		{9D7B47C1-0B1C-41E7-B702-8A10D82C82D0}.AppStore|iPhone.ActiveCfg = AppStore|iPhone
		{9D7B47C1-0B1C-41E7-B702-8A10D82C82D0}.AppStore|iPhone.Build.0 = AppStore|iPhone
		{9D7B47C1-0B1C-41E7-B702-8A10D82C82D0}.AppStore|iPhoneSimulator.ActiveCfg = AppStore|iPhoneSimulator
		{9D7B47C1-0B1C-41E7-B702-8A10D82C82D0}.AppStore|iPhoneSimulator.Build.0 = AppStore|iPhoneSimulator
		{9D7B47C1-0B1C-41E7-B702-8A10D82C82D0}.AppStore|x64.ActiveCfg = AppStore|iPhone
		{9D7B47C1-0B1C-41E7-B702-8A10D82C82D0}.AppStore|x86.ActiveCfg = AppStore|iPhone
		{9D7B47C1-0B1C-41E7-B702-8A10D82C82D0}.Debug|Any CPU.ActiveCfg = Debug|iPhone
		{9D7B47C1-0B1C-41E7-B702-8A10D82C82D0}.Debug|ARM.ActiveCfg = Debug|iPhone
		{9D7B47C1-0B1C-41E7-B702-8A10D82C82D0}.Debug|iPhone.ActiveCfg = Debug|iPhone
		{9D7B47C1-0B1C-41E7-B702-8A10D82C82D0}.Debug|iPhone.Build.0 = Debug|iPhone
		{9D7B47C1-0B1C-41E7-B702-8A10D82C82D0}.Debug|iPhoneSimulator.ActiveCfg = Debug|iPhoneSimulator
		{9D7B47C1-0B1C-41E7-B702-8A10D82C82D0}.Debug|iPhoneSimulator.Build.0 = Debug|iPhoneSimulator
		{9D7B47C1-0B1C-41E7-B702-8A10D82C82D0}.Debug|x64.ActiveCfg = Debug|iPhone
		{9D7B47C1-0B1C-41E7-B702-8A10D82C82D0}.Debug|x86.ActiveCfg = Debug|iPhone
		{9D7B47C1-0B1C-41E7-B702-8A10D82C82D0}.Release|Any CPU.ActiveCfg = Release|iPhone
		{9D7B47C1-0B1C-41E7-B702-8A10D82C82D0}.Release|ARM.ActiveCfg = Release|iPhone
		{9D7B47C1-0B1C-41E7-B702-8A10D82C82D0}.Release|iPhone.ActiveCfg = Release|iPhone
		{9D7B47C1-0B1C-41E7-B702-8A10D82C82D0}.Release|iPhone.Build.0 = Release|iPhone
		{9D7B47C1-0B1C-41E7-B702-8A10D82C82D0}.Release|iPhoneSimulator.ActiveCfg = Release|iPhoneSimulator
		{9D7B47C1-0B1C-41E7-B702-8A10D82C82D0}.Release|iPhoneSimulator.Build.0 = Release|iPhoneSimulator
		{9D7B47C1-0B1C-41E7-B702-8A10D82C82D0}.Release|x64.ActiveCfg = Release|iPhone
		{9D7B47C1-0B1C-41E7-B702-8A10D82C82D0}.Release|x86.ActiveCfg = Release|iPhone
		{F5C32067-15A8-493E-B7A4-751AC2FC3ABA}.Ad-Hoc|Any CPU.ActiveCfg = Release|Any CPU
		{F5C32067-15A8-493E-B7A4-751AC2FC3ABA}.Ad-Hoc|Any CPU.Build.0 = Release|Any CPU
		{F5C32067-15A8-493E-B7A4-751AC2FC3ABA}.Ad-Hoc|Any CPU.Deploy.0 = Release|Any CPU
		{F5C32067-15A8-493E-B7A4-751AC2FC3ABA}.Ad-Hoc|ARM.ActiveCfg = Release|ARM
		{F5C32067-15A8-493E-B7A4-751AC2FC3ABA}.Ad-Hoc|ARM.Build.0 = Release|ARM
		{F5C32067-15A8-493E-B7A4-751AC2FC3ABA}.Ad-Hoc|ARM.Deploy.0 = Release|ARM
		{F5C32067-15A8-493E-B7A4-751AC2FC3ABA}.Ad-Hoc|iPhone.ActiveCfg = Release|Any CPU
		{F5C32067-15A8-493E-B7A4-751AC2FC3ABA}.Ad-Hoc|iPhone.Build.0 = Release|Any CPU
		{F5C32067-15A8-493E-B7A4-751AC2FC3ABA}.Ad-Hoc|iPhone.Deploy.0 = Release|Any CPU
		{F5C32067-15A8-493E-B7A4-751AC2FC3ABA}.Ad-Hoc|iPhoneSimulator.ActiveCfg = Release|Any CPU
		{F5C32067-15A8-493E-B7A4-751AC2FC3ABA}.Ad-Hoc|iPhoneSimulator.Build.0 = Release|Any CPU
		{F5C32067-15A8-493E-B7A4-751AC2FC3ABA}.Ad-Hoc|iPhoneSimulator.Deploy.0 = Release|Any CPU
		{F5C32067-15A8-493E-B7A4-751AC2FC3ABA}.Ad-Hoc|x64.ActiveCfg = Release|Any CPU
		{F5C32067-15A8-493E-B7A4-751AC2FC3ABA}.Ad-Hoc|x64.Build.0 = Release|Any CPU
		{F5C32067-15A8-493E-B7A4-751AC2FC3ABA}.Ad-Hoc|x64.Deploy.0 = Release|Any CPU
		{F5C32067-15A8-493E-B7A4-751AC2FC3ABA}.Ad-Hoc|x86.ActiveCfg = Release|x86
		{F5C32067-15A8-493E-B7A4-751AC2FC3ABA}.Ad-Hoc|x86.Build.0 = Release|x86
		{F5C32067-15A8-493E-B7A4-751AC2FC3ABA}.Ad-Hoc|x86.Deploy.0 = Release|x86
		{F5C32067-15A8-493E-B7A4-751AC2FC3ABA}.AppStore|Any CPU.ActiveCfg = Release|Any CPU
		{F5C32067-15A8-493E-B7A4-751AC2FC3ABA}.AppStore|Any CPU.Build.0 = Release|Any CPU
		{F5C32067-15A8-493E-B7A4-751AC2FC3ABA}.AppStore|Any CPU.Deploy.0 = Release|Any CPU
		{F5C32067-15A8-493E-B7A4-751AC2FC3ABA}.AppStore|ARM.ActiveCfg = Release|ARM
		{F5C32067-15A8-493E-B7A4-751AC2FC3ABA}.AppStore|ARM.Build.0 = Release|ARM
		{F5C32067-15A8-493E-B7A4-751AC2FC3ABA}.AppStore|ARM.Deploy.0 = Release|ARM
		{F5C32067-15A8-493E-B7A4-751AC2FC3ABA}.AppStore|iPhone.ActiveCfg = Release|Any CPU
		{F5C32067-15A8-493E-B7A4-751AC2FC3ABA}.AppStore|iPhone.Build.0 = Release|Any CPU
		{F5C32067-15A8-493E-B7A4-751AC2FC3ABA}.AppStore|iPhone.Deploy.0 = Release|Any CPU
		{F5C32067-15A8-493E-B7A4-751AC2FC3ABA}.AppStore|iPhoneSimulator.ActiveCfg = Release|Any CPU
		{F5C32067-15A8-493E-B7A4-751AC2FC3ABA}.AppStore|iPhoneSimulator.Build.0 = Release|Any CPU
		{F5C32067-15A8-493E-B7A4-751AC2FC3ABA}.AppStore|iPhoneSimulator.Deploy.0 = Release|Any CPU
		{F5C32067-15A8-493E-B7A4-751AC2FC3ABA}.AppStore|x64.ActiveCfg = Release|Any CPU
		{F5C32067-15A8-493E-B7A4-751AC2FC3ABA}.AppStore|x64.Build.0 = Release|Any CPU
		{F5C32067-15A8-493E-B7A4-751AC2FC3ABA}.AppStore|x64.Deploy.0 = Release|Any CPU
		{F5C32067-15A8-493E-B7A4-751AC2FC3ABA}.AppStore|x86.ActiveCfg = Release|x86
		{F5C32067-15A8-493E-B7A4-751AC2FC3ABA}.AppStore|x86.Build.0 = Release|x86
		{F5C32067-15A8-493E-B7A4-751AC2FC3ABA}.AppStore|x86.Deploy.0 = Release|x86
		{F5C32067-15A8-493E-B7A4-751AC2FC3ABA}.Debug|Any CPU.ActiveCfg = Debug|Any CPU
		{F5C32067-15A8-493E-B7A4-751AC2FC3ABA}.Debug|Any CPU.Build.0 = Debug|Any CPU
		{F5C32067-15A8-493E-B7A4-751AC2FC3ABA}.Debug|Any CPU.Deploy.0 = Debug|Any CPU
		{F5C32067-15A8-493E-B7A4-751AC2FC3ABA}.Debug|ARM.ActiveCfg = Debug|ARM
		{F5C32067-15A8-493E-B7A4-751AC2FC3ABA}.Debug|ARM.Build.0 = Debug|ARM
		{F5C32067-15A8-493E-B7A4-751AC2FC3ABA}.Debug|ARM.Deploy.0 = Debug|ARM
		{F5C32067-15A8-493E-B7A4-751AC2FC3ABA}.Debug|iPhone.ActiveCfg = Debug|Any CPU
		{F5C32067-15A8-493E-B7A4-751AC2FC3ABA}.Debug|iPhone.Build.0 = Debug|Any CPU
		{F5C32067-15A8-493E-B7A4-751AC2FC3ABA}.Debug|iPhone.Deploy.0 = Debug|Any CPU
		{F5C32067-15A8-493E-B7A4-751AC2FC3ABA}.Debug|iPhoneSimulator.ActiveCfg = Debug|Any CPU
		{F5C32067-15A8-493E-B7A4-751AC2FC3ABA}.Debug|iPhoneSimulator.Build.0 = Debug|Any CPU
		{F5C32067-15A8-493E-B7A4-751AC2FC3ABA}.Debug|iPhoneSimulator.Deploy.0 = Debug|Any CPU
		{F5C32067-15A8-493E-B7A4-751AC2FC3ABA}.Debug|x64.ActiveCfg = Debug|Any CPU
		{F5C32067-15A8-493E-B7A4-751AC2FC3ABA}.Debug|x64.Build.0 = Debug|Any CPU
		{F5C32067-15A8-493E-B7A4-751AC2FC3ABA}.Debug|x64.Deploy.0 = Debug|Any CPU
		{F5C32067-15A8-493E-B7A4-751AC2FC3ABA}.Debug|x86.ActiveCfg = Debug|x86
		{F5C32067-15A8-493E-B7A4-751AC2FC3ABA}.Debug|x86.Build.0 = Debug|x86
		{F5C32067-15A8-493E-B7A4-751AC2FC3ABA}.Debug|x86.Deploy.0 = Debug|x86
		{F5C32067-15A8-493E-B7A4-751AC2FC3ABA}.Release|Any CPU.ActiveCfg = Release|Any CPU
		{F5C32067-15A8-493E-B7A4-751AC2FC3ABA}.Release|Any CPU.Build.0 = Release|Any CPU
		{F5C32067-15A8-493E-B7A4-751AC2FC3ABA}.Release|Any CPU.Deploy.0 = Release|Any CPU
		{F5C32067-15A8-493E-B7A4-751AC2FC3ABA}.Release|ARM.ActiveCfg = Release|ARM
		{F5C32067-15A8-493E-B7A4-751AC2FC3ABA}.Release|ARM.Build.0 = Release|ARM
		{F5C32067-15A8-493E-B7A4-751AC2FC3ABA}.Release|ARM.Deploy.0 = Release|ARM
		{F5C32067-15A8-493E-B7A4-751AC2FC3ABA}.Release|iPhone.ActiveCfg = Release|Any CPU
		{F5C32067-15A8-493E-B7A4-751AC2FC3ABA}.Release|iPhone.Build.0 = Release|Any CPU
		{F5C32067-15A8-493E-B7A4-751AC2FC3ABA}.Release|iPhone.Deploy.0 = Release|Any CPU
		{F5C32067-15A8-493E-B7A4-751AC2FC3ABA}.Release|iPhoneSimulator.ActiveCfg = Release|Any CPU
		{F5C32067-15A8-493E-B7A4-751AC2FC3ABA}.Release|iPhoneSimulator.Build.0 = Release|Any CPU
		{F5C32067-15A8-493E-B7A4-751AC2FC3ABA}.Release|iPhoneSimulator.Deploy.0 = Release|Any CPU
		{F5C32067-15A8-493E-B7A4-751AC2FC3ABA}.Release|x64.ActiveCfg = Release|Any CPU
		{F5C32067-15A8-493E-B7A4-751AC2FC3ABA}.Release|x64.Build.0 = Release|Any CPU
		{F5C32067-15A8-493E-B7A4-751AC2FC3ABA}.Release|x64.Deploy.0 = Release|Any CPU
		{F5C32067-15A8-493E-B7A4-751AC2FC3ABA}.Release|x86.ActiveCfg = Release|x86
		{F5C32067-15A8-493E-B7A4-751AC2FC3ABA}.Release|x86.Build.0 = Release|x86
		{F5C32067-15A8-493E-B7A4-751AC2FC3ABA}.Release|x86.Deploy.0 = Release|x86
		{5A4ED4E7-1D31-4B66-834E-9C37D51189C0}.Ad-Hoc|Any CPU.ActiveCfg = Release|x86
		{5A4ED4E7-1D31-4B66-834E-9C37D51189C0}.Ad-Hoc|Any CPU.Build.0 = Release|x86
		{5A4ED4E7-1D31-4B66-834E-9C37D51189C0}.Ad-Hoc|Any CPU.Deploy.0 = Release|x86
		{5A4ED4E7-1D31-4B66-834E-9C37D51189C0}.Ad-Hoc|ARM.ActiveCfg = Release|ARM
		{5A4ED4E7-1D31-4B66-834E-9C37D51189C0}.Ad-Hoc|ARM.Build.0 = Release|ARM
		{5A4ED4E7-1D31-4B66-834E-9C37D51189C0}.Ad-Hoc|ARM.Deploy.0 = Release|ARM
		{5A4ED4E7-1D31-4B66-834E-9C37D51189C0}.Ad-Hoc|iPhone.ActiveCfg = Release|x86
		{5A4ED4E7-1D31-4B66-834E-9C37D51189C0}.Ad-Hoc|iPhone.Build.0 = Release|x86
		{5A4ED4E7-1D31-4B66-834E-9C37D51189C0}.Ad-Hoc|iPhone.Deploy.0 = Release|x86
		{5A4ED4E7-1D31-4B66-834E-9C37D51189C0}.Ad-Hoc|iPhoneSimulator.ActiveCfg = Release|x86
		{5A4ED4E7-1D31-4B66-834E-9C37D51189C0}.Ad-Hoc|iPhoneSimulator.Build.0 = Release|x86
		{5A4ED4E7-1D31-4B66-834E-9C37D51189C0}.Ad-Hoc|iPhoneSimulator.Deploy.0 = Release|x86
		{5A4ED4E7-1D31-4B66-834E-9C37D51189C0}.Ad-Hoc|x64.ActiveCfg = Release|x64
		{5A4ED4E7-1D31-4B66-834E-9C37D51189C0}.Ad-Hoc|x64.Build.0 = Release|x64
		{5A4ED4E7-1D31-4B66-834E-9C37D51189C0}.Ad-Hoc|x64.Deploy.0 = Release|x64
		{5A4ED4E7-1D31-4B66-834E-9C37D51189C0}.Ad-Hoc|x86.ActiveCfg = Release|x86
		{5A4ED4E7-1D31-4B66-834E-9C37D51189C0}.Ad-Hoc|x86.Build.0 = Release|x86
		{5A4ED4E7-1D31-4B66-834E-9C37D51189C0}.Ad-Hoc|x86.Deploy.0 = Release|x86
		{5A4ED4E7-1D31-4B66-834E-9C37D51189C0}.AppStore|Any CPU.ActiveCfg = Release|x86
		{5A4ED4E7-1D31-4B66-834E-9C37D51189C0}.AppStore|Any CPU.Build.0 = Release|x86
		{5A4ED4E7-1D31-4B66-834E-9C37D51189C0}.AppStore|Any CPU.Deploy.0 = Release|x86
		{5A4ED4E7-1D31-4B66-834E-9C37D51189C0}.AppStore|ARM.ActiveCfg = Release|ARM
		{5A4ED4E7-1D31-4B66-834E-9C37D51189C0}.AppStore|ARM.Build.0 = Release|ARM
		{5A4ED4E7-1D31-4B66-834E-9C37D51189C0}.AppStore|ARM.Deploy.0 = Release|ARM
		{5A4ED4E7-1D31-4B66-834E-9C37D51189C0}.AppStore|iPhone.ActiveCfg = Release|x86
		{5A4ED4E7-1D31-4B66-834E-9C37D51189C0}.AppStore|iPhone.Build.0 = Release|x86
		{5A4ED4E7-1D31-4B66-834E-9C37D51189C0}.AppStore|iPhone.Deploy.0 = Release|x86
		{5A4ED4E7-1D31-4B66-834E-9C37D51189C0}.AppStore|iPhoneSimulator.ActiveCfg = Release|x86
		{5A4ED4E7-1D31-4B66-834E-9C37D51189C0}.AppStore|iPhoneSimulator.Build.0 = Release|x86
		{5A4ED4E7-1D31-4B66-834E-9C37D51189C0}.AppStore|iPhoneSimulator.Deploy.0 = Release|x86
		{5A4ED4E7-1D31-4B66-834E-9C37D51189C0}.AppStore|x64.ActiveCfg = Release|x64
		{5A4ED4E7-1D31-4B66-834E-9C37D51189C0}.AppStore|x64.Build.0 = Release|x64
		{5A4ED4E7-1D31-4B66-834E-9C37D51189C0}.AppStore|x64.Deploy.0 = Release|x64
		{5A4ED4E7-1D31-4B66-834E-9C37D51189C0}.AppStore|x86.ActiveCfg = Release|x86
		{5A4ED4E7-1D31-4B66-834E-9C37D51189C0}.AppStore|x86.Build.0 = Release|x86
		{5A4ED4E7-1D31-4B66-834E-9C37D51189C0}.AppStore|x86.Deploy.0 = Release|x86
		{5A4ED4E7-1D31-4B66-834E-9C37D51189C0}.Debug|Any CPU.ActiveCfg = Debug|x86
		{5A4ED4E7-1D31-4B66-834E-9C37D51189C0}.Debug|ARM.ActiveCfg = Debug|ARM
		{5A4ED4E7-1D31-4B66-834E-9C37D51189C0}.Debug|ARM.Build.0 = Debug|ARM
		{5A4ED4E7-1D31-4B66-834E-9C37D51189C0}.Debug|ARM.Deploy.0 = Debug|ARM
		{5A4ED4E7-1D31-4B66-834E-9C37D51189C0}.Debug|iPhone.ActiveCfg = Debug|x86
		{5A4ED4E7-1D31-4B66-834E-9C37D51189C0}.Debug|iPhoneSimulator.ActiveCfg = Debug|x86
		{5A4ED4E7-1D31-4B66-834E-9C37D51189C0}.Debug|x64.ActiveCfg = Debug|x64
		{5A4ED4E7-1D31-4B66-834E-9C37D51189C0}.Debug|x64.Build.0 = Debug|x64
		{5A4ED4E7-1D31-4B66-834E-9C37D51189C0}.Debug|x64.Deploy.0 = Debug|x64
		{5A4ED4E7-1D31-4B66-834E-9C37D51189C0}.Debug|x86.ActiveCfg = Debug|x86
		{5A4ED4E7-1D31-4B66-834E-9C37D51189C0}.Debug|x86.Build.0 = Debug|x86
		{5A4ED4E7-1D31-4B66-834E-9C37D51189C0}.Debug|x86.Deploy.0 = Debug|x86
		{5A4ED4E7-1D31-4B66-834E-9C37D51189C0}.Release|Any CPU.ActiveCfg = Release|x86
		{5A4ED4E7-1D31-4B66-834E-9C37D51189C0}.Release|ARM.ActiveCfg = Release|ARM
		{5A4ED4E7-1D31-4B66-834E-9C37D51189C0}.Release|ARM.Build.0 = Release|ARM
		{5A4ED4E7-1D31-4B66-834E-9C37D51189C0}.Release|ARM.Deploy.0 = Release|ARM
		{5A4ED4E7-1D31-4B66-834E-9C37D51189C0}.Release|iPhone.ActiveCfg = Release|x86
		{5A4ED4E7-1D31-4B66-834E-9C37D51189C0}.Release|iPhoneSimulator.ActiveCfg = Release|x86
		{5A4ED4E7-1D31-4B66-834E-9C37D51189C0}.Release|x64.ActiveCfg = Release|x64
		{5A4ED4E7-1D31-4B66-834E-9C37D51189C0}.Release|x64.Build.0 = Release|x64
		{5A4ED4E7-1D31-4B66-834E-9C37D51189C0}.Release|x64.Deploy.0 = Release|x64
		{5A4ED4E7-1D31-4B66-834E-9C37D51189C0}.Release|x86.ActiveCfg = Release|x86
		{5A4ED4E7-1D31-4B66-834E-9C37D51189C0}.Release|x86.Build.0 = Release|x86
		{5A4ED4E7-1D31-4B66-834E-9C37D51189C0}.Release|x86.Deploy.0 = Release|x86
		{C436DEE3-F179-4DA0-A39A-85B86D4D44C3}.Ad-Hoc|Any CPU.ActiveCfg = Release|Any CPU
		{C436DEE3-F179-4DA0-A39A-85B86D4D44C3}.Ad-Hoc|Any CPU.Build.0 = Release|Any CPU
		{C436DEE3-F179-4DA0-A39A-85B86D4D44C3}.Ad-Hoc|Any CPU.Deploy.0 = Release|Any CPU
		{C436DEE3-F179-4DA0-A39A-85B86D4D44C3}.Ad-Hoc|ARM.ActiveCfg = Release|ARM
		{C436DEE3-F179-4DA0-A39A-85B86D4D44C3}.Ad-Hoc|ARM.Build.0 = Release|ARM
		{C436DEE3-F179-4DA0-A39A-85B86D4D44C3}.Ad-Hoc|ARM.Deploy.0 = Release|ARM
		{C436DEE3-F179-4DA0-A39A-85B86D4D44C3}.Ad-Hoc|iPhone.ActiveCfg = Release|Any CPU
		{C436DEE3-F179-4DA0-A39A-85B86D4D44C3}.Ad-Hoc|iPhone.Build.0 = Release|Any CPU
		{C436DEE3-F179-4DA0-A39A-85B86D4D44C3}.Ad-Hoc|iPhone.Deploy.0 = Release|Any CPU
		{C436DEE3-F179-4DA0-A39A-85B86D4D44C3}.Ad-Hoc|iPhoneSimulator.ActiveCfg = Release|Any CPU
		{C436DEE3-F179-4DA0-A39A-85B86D4D44C3}.Ad-Hoc|iPhoneSimulator.Build.0 = Release|Any CPU
		{C436DEE3-F179-4DA0-A39A-85B86D4D44C3}.Ad-Hoc|iPhoneSimulator.Deploy.0 = Release|Any CPU
		{C436DEE3-F179-4DA0-A39A-85B86D4D44C3}.Ad-Hoc|x64.ActiveCfg = Release|x64
		{C436DEE3-F179-4DA0-A39A-85B86D4D44C3}.Ad-Hoc|x64.Build.0 = Release|x64
		{C436DEE3-F179-4DA0-A39A-85B86D4D44C3}.Ad-Hoc|x64.Deploy.0 = Release|x64
		{C436DEE3-F179-4DA0-A39A-85B86D4D44C3}.Ad-Hoc|x86.ActiveCfg = Release|x86
		{C436DEE3-F179-4DA0-A39A-85B86D4D44C3}.Ad-Hoc|x86.Build.0 = Release|x86
		{C436DEE3-F179-4DA0-A39A-85B86D4D44C3}.Ad-Hoc|x86.Deploy.0 = Release|x86
		{C436DEE3-F179-4DA0-A39A-85B86D4D44C3}.AppStore|Any CPU.ActiveCfg = Release|Any CPU
		{C436DEE3-F179-4DA0-A39A-85B86D4D44C3}.AppStore|Any CPU.Build.0 = Release|Any CPU
		{C436DEE3-F179-4DA0-A39A-85B86D4D44C3}.AppStore|Any CPU.Deploy.0 = Release|Any CPU
		{C436DEE3-F179-4DA0-A39A-85B86D4D44C3}.AppStore|ARM.ActiveCfg = Release|ARM
		{C436DEE3-F179-4DA0-A39A-85B86D4D44C3}.AppStore|ARM.Build.0 = Release|ARM
		{C436DEE3-F179-4DA0-A39A-85B86D4D44C3}.AppStore|ARM.Deploy.0 = Release|ARM
		{C436DEE3-F179-4DA0-A39A-85B86D4D44C3}.AppStore|iPhone.ActiveCfg = Release|Any CPU
		{C436DEE3-F179-4DA0-A39A-85B86D4D44C3}.AppStore|iPhone.Build.0 = Release|Any CPU
		{C436DEE3-F179-4DA0-A39A-85B86D4D44C3}.AppStore|iPhone.Deploy.0 = Release|Any CPU
		{C436DEE3-F179-4DA0-A39A-85B86D4D44C3}.AppStore|iPhoneSimulator.ActiveCfg = Release|Any CPU
		{C436DEE3-F179-4DA0-A39A-85B86D4D44C3}.AppStore|iPhoneSimulator.Build.0 = Release|Any CPU
		{C436DEE3-F179-4DA0-A39A-85B86D4D44C3}.AppStore|iPhoneSimulator.Deploy.0 = Release|Any CPU
		{C436DEE3-F179-4DA0-A39A-85B86D4D44C3}.AppStore|x64.ActiveCfg = Release|x64
		{C436DEE3-F179-4DA0-A39A-85B86D4D44C3}.AppStore|x64.Build.0 = Release|x64
		{C436DEE3-F179-4DA0-A39A-85B86D4D44C3}.AppStore|x64.Deploy.0 = Release|x64
		{C436DEE3-F179-4DA0-A39A-85B86D4D44C3}.AppStore|x86.ActiveCfg = Release|x86
		{C436DEE3-F179-4DA0-A39A-85B86D4D44C3}.AppStore|x86.Build.0 = Release|x86
		{C436DEE3-F179-4DA0-A39A-85B86D4D44C3}.AppStore|x86.Deploy.0 = Release|x86
		{C436DEE3-F179-4DA0-A39A-85B86D4D44C3}.Debug|Any CPU.ActiveCfg = Debug|Any CPU
		{C436DEE3-F179-4DA0-A39A-85B86D4D44C3}.Debug|Any CPU.Build.0 = Debug|Any CPU
		{C436DEE3-F179-4DA0-A39A-85B86D4D44C3}.Debug|Any CPU.Deploy.0 = Debug|Any CPU
		{C436DEE3-F179-4DA0-A39A-85B86D4D44C3}.Debug|ARM.ActiveCfg = Debug|ARM
		{C436DEE3-F179-4DA0-A39A-85B86D4D44C3}.Debug|ARM.Build.0 = Debug|ARM
		{C436DEE3-F179-4DA0-A39A-85B86D4D44C3}.Debug|ARM.Deploy.0 = Debug|ARM
		{C436DEE3-F179-4DA0-A39A-85B86D4D44C3}.Debug|iPhone.ActiveCfg = Debug|Any CPU
		{C436DEE3-F179-4DA0-A39A-85B86D4D44C3}.Debug|iPhone.Build.0 = Debug|Any CPU
		{C436DEE3-F179-4DA0-A39A-85B86D4D44C3}.Debug|iPhone.Deploy.0 = Debug|Any CPU
		{C436DEE3-F179-4DA0-A39A-85B86D4D44C3}.Debug|iPhoneSimulator.ActiveCfg = Debug|Any CPU
		{C436DEE3-F179-4DA0-A39A-85B86D4D44C3}.Debug|iPhoneSimulator.Build.0 = Debug|Any CPU
		{C436DEE3-F179-4DA0-A39A-85B86D4D44C3}.Debug|iPhoneSimulator.Deploy.0 = Debug|Any CPU
		{C436DEE3-F179-4DA0-A39A-85B86D4D44C3}.Debug|x64.ActiveCfg = Debug|x64
		{C436DEE3-F179-4DA0-A39A-85B86D4D44C3}.Debug|x64.Build.0 = Debug|x64
		{C436DEE3-F179-4DA0-A39A-85B86D4D44C3}.Debug|x64.Deploy.0 = Debug|x64
		{C436DEE3-F179-4DA0-A39A-85B86D4D44C3}.Debug|x86.ActiveCfg = Debug|x86
		{C436DEE3-F179-4DA0-A39A-85B86D4D44C3}.Debug|x86.Build.0 = Debug|x86
		{C436DEE3-F179-4DA0-A39A-85B86D4D44C3}.Debug|x86.Deploy.0 = Debug|x86
		{C436DEE3-F179-4DA0-A39A-85B86D4D44C3}.Release|Any CPU.ActiveCfg = Release|Any CPU
		{C436DEE3-F179-4DA0-A39A-85B86D4D44C3}.Release|Any CPU.Build.0 = Release|Any CPU
		{C436DEE3-F179-4DA0-A39A-85B86D4D44C3}.Release|Any CPU.Deploy.0 = Release|Any CPU
		{C436DEE3-F179-4DA0-A39A-85B86D4D44C3}.Release|ARM.ActiveCfg = Release|ARM
		{C436DEE3-F179-4DA0-A39A-85B86D4D44C3}.Release|ARM.Build.0 = Release|ARM
		{C436DEE3-F179-4DA0-A39A-85B86D4D44C3}.Release|ARM.Deploy.0 = Release|ARM
		{C436DEE3-F179-4DA0-A39A-85B86D4D44C3}.Release|iPhone.ActiveCfg = Release|Any CPU
		{C436DEE3-F179-4DA0-A39A-85B86D4D44C3}.Release|iPhone.Build.0 = Release|Any CPU
		{C436DEE3-F179-4DA0-A39A-85B86D4D44C3}.Release|iPhone.Deploy.0 = Release|Any CPU
		{C436DEE3-F179-4DA0-A39A-85B86D4D44C3}.Release|iPhoneSimulator.ActiveCfg = Release|Any CPU
		{C436DEE3-F179-4DA0-A39A-85B86D4D44C3}.Release|iPhoneSimulator.Build.0 = Release|Any CPU
		{C436DEE3-F179-4DA0-A39A-85B86D4D44C3}.Release|iPhoneSimulator.Deploy.0 = Release|Any CPU
		{C436DEE3-F179-4DA0-A39A-85B86D4D44C3}.Release|x64.ActiveCfg = Release|x64
		{C436DEE3-F179-4DA0-A39A-85B86D4D44C3}.Release|x64.Build.0 = Release|x64
		{C436DEE3-F179-4DA0-A39A-85B86D4D44C3}.Release|x64.Deploy.0 = Release|x64
		{C436DEE3-F179-4DA0-A39A-85B86D4D44C3}.Release|x86.ActiveCfg = Release|x86
		{C436DEE3-F179-4DA0-A39A-85B86D4D44C3}.Release|x86.Build.0 = Release|x86
		{C436DEE3-F179-4DA0-A39A-85B86D4D44C3}.Release|x86.Deploy.0 = Release|x86
	EndGlobalSection
	GlobalSection(SolutionProperties) = preSolution
		HideSolutionNode = FALSE
	EndGlobalSection
EndGlobal
